
Microsoft Visual Studio Solution File, Format Version 12.00
# Visual Studio 15
VisualStudioVersion = 15.0.28010.2036
MinimumVisualStudioVersion = 10.0.40219.1
Project("{9A19103F-16F7-4668-BE54-9A1E7A4F7556}") = "EcomProject_JimmyRebecca", "EcomProject-JimmyRebecca\EcomProject_JimmyRebecca.csproj", "{1202817A-9EFD-403E-825C-4350B1A94925}"
EndProject
Project("{9A19103F-16F7-4668-BE54-9A1E7A4F7556}") = "Sprint1_Tests", "Sprint1_Tests\Sprint1_Tests.csproj", "{C4105BF3-3B8E-4396-B6FE-39F38C8B23E8}"
EndProject
Project("{FAE04EC0-301F-11D3-BF4B-00C04F79EFBC}") = "Sprint3_CRUD_Tests", "Sprint3_CRUD_TEsts\Sprint3_CRUD_Tests.csproj", "{84BF3F9A-2FD2-42F5-981B-C6CE72270867}"
EndProject
Global
	GlobalSection(SolutionConfigurationPlatforms) = preSolution
		Debug|Any CPU = Debug|Any CPU
		Release|Any CPU = Release|Any CPU
	EndGlobalSection
	GlobalSection(ProjectConfigurationPlatforms) = postSolution
		{1202817A-9EFD-403E-825C-4350B1A94925}.Debug|Any CPU.ActiveCfg = Debug|Any CPU
		{1202817A-9EFD-403E-825C-4350B1A94925}.Debug|Any CPU.Build.0 = Debug|Any CPU
		{1202817A-9EFD-403E-825C-4350B1A94925}.Release|Any CPU.ActiveCfg = Release|Any CPU
		{1202817A-9EFD-403E-825C-4350B1A94925}.Release|Any CPU.Build.0 = Release|Any CPU
		{C4105BF3-3B8E-4396-B6FE-39F38C8B23E8}.Debug|Any CPU.ActiveCfg = Debug|Any CPU
		{C4105BF3-3B8E-4396-B6FE-39F38C8B23E8}.Debug|Any CPU.Build.0 = Debug|Any CPU
		{C4105BF3-3B8E-4396-B6FE-39F38C8B23E8}.Release|Any CPU.ActiveCfg = Release|Any CPU
		{C4105BF3-3B8E-4396-B6FE-39F38C8B23E8}.Release|Any CPU.Build.0 = Release|Any CPU
		{84BF3F9A-2FD2-42F5-981B-C6CE72270867}.Debug|Any CPU.ActiveCfg = Debug|Any CPU
		{84BF3F9A-2FD2-42F5-981B-C6CE72270867}.Debug|Any CPU.Build.0 = Debug|Any CPU
		{84BF3F9A-2FD2-42F5-981B-C6CE72270867}.Release|Any CPU.ActiveCfg = Release|Any CPU
		{84BF3F9A-2FD2-42F5-981B-C6CE72270867}.Release|Any CPU.Build.0 = Release|Any CPU
	EndGlobalSection
	GlobalSection(SolutionProperties) = preSolution
		HideSolutionNode = FALSE
	EndGlobalSection
	GlobalSection(ExtensibilityGlobals) = postSolution
		SolutionGuid = {F8476B61-C087-462B-84C0-91DC37F89347}
	EndGlobalSection
EndGlobal
